// !$*UTF8*$!
{
	archiveVersion = 1;
	classes = {
	};
	objectVersion = 50;
	objects = {

/* Begin PBXBuildFile section */
		2E4B3EEB1E179352CA68F9A7 /* libPods-Property-job-test.a in Frameworks */ = {isa = PBXBuildFile; fileRef = 6306246A1124D14C3E630894 /* libPods-Property-job-test.a */; };
		320CEE6022B7D9D4005342F8 /* AppDelegate.swift in Sources */ = {isa = PBXBuildFile; fileRef = 320CEE5F22B7D9D4005342F8 /* AppDelegate.swift */; };
		320CEE6222B7D9D4005342F8 /* HomeVC.swift in Sources */ = {isa = PBXBuildFile; fileRef = 320CEE6122B7D9D4005342F8 /* HomeVC.swift */; };
		320CEE6422B7D9D4005342F8 /* SecondViewController.swift in Sources */ = {isa = PBXBuildFile; fileRef = 320CEE6322B7D9D4005342F8 /* SecondViewController.swift */; };
		320CEE6722B7D9D4005342F8 /* Main.storyboard in Resources */ = {isa = PBXBuildFile; fileRef = 320CEE6522B7D9D4005342F8 /* Main.storyboard */; };
		320CEE6922B7D9D8005342F8 /* Assets.xcassets in Resources */ = {isa = PBXBuildFile; fileRef = 320CEE6822B7D9D8005342F8 /* Assets.xcassets */; };
		320CEE6C22B7D9D8005342F8 /* LaunchScreen.storyboard in Resources */ = {isa = PBXBuildFile; fileRef = 320CEE6A22B7D9D8005342F8 /* LaunchScreen.storyboard */; };
		320CEE7822B7E1DC005342F8 /* TableCell.swift in Sources */ = {isa = PBXBuildFile; fileRef = 320CEE7722B7E1DC005342F8 /* TableCell.swift */; };
		320CEE7A22B7E38C005342F8 /* CollectionCell.swift in Sources */ = {isa = PBXBuildFile; fileRef = 320CEE7922B7E38C005342F8 /* CollectionCell.swift */; };
		320CEE7C22B7E9C6005342F8 /* DataService.swift in Sources */ = {isa = PBXBuildFile; fileRef = 320CEE7B22B7E9C6005342F8 /* DataService.swift */; };
		320CEE7E22B7E9EB005342F8 /* Constants.swift in Sources */ = {isa = PBXBuildFile; fileRef = 320CEE7D22B7E9EB005342F8 /* Constants.swift */; };
		320CEE8022B815F3005342F8 /* RecommendedProperties.swift in Sources */ = {isa = PBXBuildFile; fileRef = 320CEE7F22B815F3005342F8 /* RecommendedProperties.swift */; };
		3277CE3F22B8E5DE0090A595 /* DataModel.swift in Sources */ = {isa = PBXBuildFile; fileRef = 3277CE3E22B8E5DE0090A595 /* DataModel.swift */; };
/* End PBXBuildFile section */

/* Begin PBXFileReference section */
		1A276198C95ED364E11DE6D0 /* Pods-Property-job-test.debug.xcconfig */ = {isa = PBXFileReference; includeInIndex = 1; lastKnownFileType = text.xcconfig; name = "Pods-Property-job-test.debug.xcconfig"; path = "Pods/Target Support Files/Pods-Property-job-test/Pods-Property-job-test.debug.xcconfig"; sourceTree = "<group>"; };
		320CEE5C22B7D9D4005342F8 /* Property-job-test.app */ = {isa = PBXFileReference; explicitFileType = wrapper.application; includeInIndex = 0; path = "Property-job-test.app"; sourceTree = BUILT_PRODUCTS_DIR; };
		320CEE5F22B7D9D4005342F8 /* AppDelegate.swift */ = {isa = PBXFileReference; lastKnownFileType = sourcecode.swift; path = AppDelegate.swift; sourceTree = "<group>"; };
		320CEE6122B7D9D4005342F8 /* HomeVC.swift */ = {isa = PBXFileReference; lastKnownFileType = sourcecode.swift; path = HomeVC.swift; sourceTree = "<group>"; };
		320CEE6322B7D9D4005342F8 /* SecondViewController.swift */ = {isa = PBXFileReference; lastKnownFileType = sourcecode.swift; path = SecondViewController.swift; sourceTree = "<group>"; };
		320CEE6622B7D9D4005342F8 /* Base */ = {isa = PBXFileReference; lastKnownFileType = file.storyboard; name = Base; path = Base.lproj/Main.storyboard; sourceTree = "<group>"; };
		320CEE6822B7D9D8005342F8 /* Assets.xcassets */ = {isa = PBXFileReference; lastKnownFileType = folder.assetcatalog; path = Assets.xcassets; sourceTree = "<group>"; };
		320CEE6B22B7D9D8005342F8 /* Base */ = {isa = PBXFileReference; lastKnownFileType = file.storyboard; name = Base; path = Base.lproj/LaunchScreen.storyboard; sourceTree = "<group>"; };
		320CEE6D22B7D9D9005342F8 /* Info.plist */ = {isa = PBXFileReference; lastKnownFileType = text.plist.xml; path = Info.plist; sourceTree = "<group>"; };
		320CEE7722B7E1DC005342F8 /* TableCell.swift */ = {isa = PBXFileReference; lastKnownFileType = sourcecode.swift; path = TableCell.swift; sourceTree = "<group>"; };
		320CEE7922B7E38C005342F8 /* CollectionCell.swift */ = {isa = PBXFileReference; lastKnownFileType = sourcecode.swift; path = CollectionCell.swift; sourceTree = "<group>"; };
		320CEE7B22B7E9C6005342F8 /* DataService.swift */ = {isa = PBXFileReference; lastKnownFileType = sourcecode.swift; path = DataService.swift; sourceTree = "<group>"; };
		320CEE7D22B7E9EB005342F8 /* Constants.swift */ = {isa = PBXFileReference; lastKnownFileType = sourcecode.swift; path = Constants.swift; sourceTree = "<group>"; };
		320CEE7F22B815F3005342F8 /* RecommendedProperties.swift */ = {isa = PBXFileReference; lastKnownFileType = sourcecode.swift; path = RecommendedProperties.swift; sourceTree = "<group>"; };
		3277CE3E22B8E5DE0090A595 /* DataModel.swift */ = {isa = PBXFileReference; lastKnownFileType = sourcecode.swift; path = DataModel.swift; sourceTree = "<group>"; };
		6306246A1124D14C3E630894 /* libPods-Property-job-test.a */ = {isa = PBXFileReference; explicitFileType = archive.ar; includeInIndex = 0; path = "libPods-Property-job-test.a"; sourceTree = BUILT_PRODUCTS_DIR; };
		BEB85CECEF5037261E1C6D07 /* Pods-Property-job-test.release.xcconfig */ = {isa = PBXFileReference; includeInIndex = 1; lastKnownFileType = text.xcconfig; name = "Pods-Property-job-test.release.xcconfig"; path = "Pods/Target Support Files/Pods-Property-job-test/Pods-Property-job-test.release.xcconfig"; sourceTree = "<group>"; };
/* End PBXFileReference section */

/* Begin PBXFrameworksBuildPhase section */
		320CEE5922B7D9D4005342F8 /* Frameworks */ = {
			isa = PBXFrameworksBuildPhase;
			buildActionMask = 2147483647;
			files = (
				2E4B3EEB1E179352CA68F9A7 /* libPods-Property-job-test.a in Frameworks */,
			);
			runOnlyForDeploymentPostprocessing = 0;
		};
/* End PBXFrameworksBuildPhase section */

/* Begin PBXGroup section */
		1C6C79D1A4B27D984F61A864 /* Pods */ = {
			isa = PBXGroup;
			children = (
				1A276198C95ED364E11DE6D0 /* Pods-Property-job-test.debug.xcconfig */,
				BEB85CECEF5037261E1C6D07 /* Pods-Property-job-test.release.xcconfig */,
			);
			name = Pods;
			sourceTree = "<group>";
		};
		320CEE5322B7D9D4005342F8 = {
			isa = PBXGroup;
			children = (
				320CEE5E22B7D9D4005342F8 /* Property-job-test */,
				320CEE5D22B7D9D4005342F8 /* Products */,
				1C6C79D1A4B27D984F61A864 /* Pods */,
				C54BA5CCAB45B1F2DFDA4A86 /* Frameworks */,
			);
			sourceTree = "<group>";
		};
		320CEE5D22B7D9D4005342F8 /* Products */ = {
			isa = PBXGroup;
			children = (
				320CEE5C22B7D9D4005342F8 /* Property-job-test.app */,
			);
			name = Products;
			sourceTree = "<group>";
		};
		320CEE5E22B7D9D4005342F8 /* Property-job-test */ = {
			isa = PBXGroup;
			children = (
				320CEE7622B7DAC9005342F8 /* Service */,
				320CEE7522B7DAC4005342F8 /* Views */,
				320CEE7422B7DABF005342F8 /* Model */,
				320CEE7322B7DAB8005342F8 /* Controller */,
				320CEE5F22B7D9D4005342F8 /* AppDelegate.swift */,
				320CEE6122B7D9D4005342F8 /* HomeVC.swift */,
				320CEE6322B7D9D4005342F8 /* SecondViewController.swift */,
				320CEE6522B7D9D4005342F8 /* Main.storyboard */,
				320CEE6822B7D9D8005342F8 /* Assets.xcassets */,
				320CEE6A22B7D9D8005342F8 /* LaunchScreen.storyboard */,
				320CEE6D22B7D9D9005342F8 /* Info.plist */,
				320CEE7D22B7E9EB005342F8 /* Constants.swift */,
			);
			path = "Property-job-test";
			sourceTree = "<group>";
		};
		320CEE7322B7DAB8005342F8 /* Controller */ = {
			isa = PBXGroup;
			children = (
			);
			path = Controller;
			sourceTree = "<group>";
		};
		320CEE7422B7DABF005342F8 /* Model */ = {
			isa = PBXGroup;
			children = (
				320CEE7F22B815F3005342F8 /* RecommendedProperties.swift */,
				3277CE3E22B8E5DE0090A595 /* DataModel.swift */,
			);
			path = Model;
			sourceTree = "<group>";
		};
		320CEE7522B7DAC4005342F8 /* Views */ = {
			isa = PBXGroup;
			children = (
				320CEE7722B7E1DC005342F8 /* TableCell.swift */,
				320CEE7922B7E38C005342F8 /* CollectionCell.swift */,
			);
			path = Views;
			sourceTree = "<group>";
		};
		320CEE7622B7DAC9005342F8 /* Service */ = {
			isa = PBXGroup;
			children = (
				320CEE7B22B7E9C6005342F8 /* DataService.swift */,
			);
			path = Service;
			sourceTree = "<group>";
		};
		C54BA5CCAB45B1F2DFDA4A86 /* Frameworks */ = {
			isa = PBXGroup;
			children = (
				6306246A1124D14C3E630894 /* libPods-Property-job-test.a */,
			);
			name = Frameworks;
			sourceTree = "<group>";
		};
/* End PBXGroup section */

/* Begin PBXNativeTarget section */
		320CEE5B22B7D9D4005342F8 /* Property-job-test */ = {
			isa = PBXNativeTarget;
			buildConfigurationList = 320CEE7022B7D9D9005342F8 /* Build configuration list for PBXNativeTarget "Property-job-test" */;
			buildPhases = (
				0971CD0DD5CD8E221EC703A6 /* [CP] Check Pods Manifest.lock */,
				320CEE5822B7D9D4005342F8 /* Sources */,
				320CEE5922B7D9D4005342F8 /* Frameworks */,
				320CEE5A22B7D9D4005342F8 /* Resources */,
			);
			buildRules = (
			);
			dependencies = (
			);
			name = "Property-job-test";
			productName = "Property-job-test";
			productReference = 320CEE5C22B7D9D4005342F8 /* Property-job-test.app */;
			productType = "com.apple.product-type.application";
		};
/* End PBXNativeTarget section */

/* Begin PBXProject section */
		320CEE5422B7D9D4005342F8 /* Project object */ = {
			isa = PBXProject;
			attributes = {
				LastSwiftUpdateCheck = 1000;
				LastUpgradeCheck = 1000;
				ORGANIZATIONNAME = "Ravi Inder Manshahia";
				TargetAttributes = {
					320CEE5B22B7D9D4005342F8 = {
						CreatedOnToolsVersion = 10.0;
					};
				};
			};
			buildConfigurationList = 320CEE5722B7D9D4005342F8 /* Build configuration list for PBXProject "Property-job-test" */;
			compatibilityVersion = "Xcode 9.3";
			developmentRegion = en;
			hasScannedForEncodings = 0;
			knownRegions = (
				en,
				Base,
			);
			mainGroup = 320CEE5322B7D9D4005342F8;
			productRefGroup = 320CEE5D22B7D9D4005342F8 /* Products */;
			projectDirPath = "";
			projectRoot = "";
			targets = (
				320CEE5B22B7D9D4005342F8 /* Property-job-test */,
			);
		};
/* End PBXProject section */

/* Begin PBXResourcesBuildPhase section */
		320CEE5A22B7D9D4005342F8 /* Resources */ = {
			isa = PBXResourcesBuildPhase;
			buildActionMask = 2147483647;
			files = (
				320CEE6C22B7D9D8005342F8 /* LaunchScreen.storyboard in Resources */,
				320CEE6922B7D9D8005342F8 /* Assets.xcassets in Resources */,
				320CEE6722B7D9D4005342F8 /* Main.storyboard in Resources */,
			);
			runOnlyForDeploymentPostprocessing = 0;
		};
/* End PBXResourcesBuildPhase section */

/* Begin PBXShellScriptBuildPhase section */
		0971CD0DD5CD8E221EC703A6 /* [CP] Check Pods Manifest.lock */ = {
			isa = PBXShellScriptBuildPhase;
			buildActionMask = 2147483647;
			files = (
			);
			inputPaths = (
				"${PODS_PODFILE_DIR_PATH}/Podfile.lock",
				"${PODS_ROOT}/Manifest.lock",
			);
			name = "[CP] Check Pods Manifest.lock";
			outputPaths = (
				"$(DERIVED_FILE_DIR)/Pods-Property-job-test-checkManifestLockResult.txt",
			);
			runOnlyForDeploymentPostprocessing = 0;
			shellPath = /bin/sh;
			shellScript = "diff \"${PODS_PODFILE_DIR_PATH}/Podfile.lock\" \"${PODS_ROOT}/Manifest.lock\" > /dev/null\nif [ $? != 0 ] ; then\n    # print error to STDERR\n    echo \"error: The sandbox is not in sync with the Podfile.lock. Run 'pod install' or update your CocoaPods installation.\" >&2\n    exit 1\nfi\n# This output is used by Xcode 'outputs' to avoid re-running this script phase.\necho \"SUCCESS\" > \"${SCRIPT_OUTPUT_FILE_0}\"\n";
			showEnvVarsInLog = 0;
		};
/* End PBXShellScriptBuildPhase section */

/* Begin PBXSourcesBuildPhase section */
		320CEE5822B7D9D4005342F8 /* Sources */ = {
			isa = PBXSourcesBuildPhase;
			buildActionMask = 2147483647;
			files = (
				320CEE6422B7D9D4005342F8 /* SecondViewController.swift in Sources */,
				320CEE6022B7D9D4005342F8 /* AppDelegate.swift in Sources */,
				320CEE7822B7E1DC005342F8 /* TableCell.swift in Sources */,
				320CEE7C22B7E9C6005342F8 /* DataService.swift in Sources */,
				320CEE7E22B7E9EB005342F8 /* Constants.swift in Sources */,
				320CEE6222B7D9D4005342F8 /* HomeVC.swift in Sources */,
				320CEE8022B815F3005342F8 /* RecommendedProperties.swift in Sources */,
				320CEE7A22B7E38C005342F8 /* CollectionCell.swift in Sources */,
				3277CE3F22B8E5DE0090A595 /* DataModel.swift in Sources */,
			);
			runOnlyForDeploymentPostprocessing = 0;
		};
/* End PBXSourcesBuildPhase section */

/* Begin PBXVariantGroup section */
		320CEE6522B7D9D4005342F8 /* Main.storyboard */ = {
			isa = PBXVariantGroup;
			children = (
				320CEE6622B7D9D4005342F8 /* Base */,
			);
			name = Main.storyboard;
			sourceTree = "<group>";
		};
		320CEE6A22B7D9D8005342F8 /* LaunchScreen.storyboard */ = {
			isa = PBXVariantGroup;
			children = (
				320CEE6B22B7D9D8005342F8 /* Base */,
			);
			name = LaunchScreen.storyboard;
			sourceTree = "<group>";
		};
/* End PBXVariantGroup section */

/* Begin XCBuildConfiguration section */
		320CEE6E22B7D9D9005342F8 /* Debug */ = {
			isa = XCBuildConfiguration;
			buildSettings = {
				ALWAYS_SEARCH_USER_PATHS = NO;
				CLANG_ANALYZER_NONNULL = YES;
				CLANG_ANALYZER_NUMBER_OBJECT_CONVERSION = YES_AGGRESSIVE;
				CLANG_CXX_LANGUAGE_STANDARD = "gnu++14";
				CLANG_CXX_LIBRARY = "libc++";
				CLANG_ENABLE_MODULES = YES;
				CLANG_ENABLE_OBJC_ARC = YES;
				CLANG_ENABLE_OBJC_WEAK = YES;
				CLANG_WARN_BLOCK_CAPTURE_AUTORELEASING = YES;
				CLANG_WARN_BOOL_CONVERSION = YES;
				CLANG_WARN_COMMA = YES;
				CLANG_WARN_CONSTANT_CONVERSION = YES;
				CLANG_WARN_DEPRECATED_OBJC_IMPLEMENTATIONS = YES;
				CLANG_WARN_DIRECT_OBJC_ISA_USAGE = YES_ERROR;
				CLANG_WARN_DOCUMENTATION_COMMENTS = YES;
				CLANG_WARN_EMPTY_BODY = YES;
				CLANG_WARN_ENUM_CONVERSION = YES;
				CLANG_WARN_INFINITE_RECURSION = YES;
				CLANG_WARN_INT_CONVERSION = YES;
				CLANG_WARN_NON_LITERAL_NULL_CONVERSION = YES;
				CLANG_WARN_OBJC_IMPLICIT_RETAIN_SELF = YES;
				CLANG_WARN_OBJC_LITERAL_CONVERSION = YES;
				CLANG_WARN_OBJC_ROOT_CLASS = YES_ERROR;
				CLANG_WARN_RANGE_LOOP_ANALYSIS = YES;
				CLANG_WARN_STRICT_PROTOTYPES = YES;
				CLANG_WARN_SUSPICIOUS_MOVE = YES;
				CLANG_WARN_UNGUARDED_AVAILABILITY = YES_AGGRESSIVE;
				CLANG_WARN_UNREACHABLE_CODE = YES;
				CLANG_WARN__DUPLICATE_METHOD_MATCH = YES;
				CODE_SIGN_IDENTITY = "iPhone Developer";
				COPY_PHASE_STRIP = NO;
				DEBUG_INFORMATION_FORMAT = dwarf;
				ENABLE_STRICT_OBJC_MSGSEND = YES;
				ENABLE_TESTABILITY = YES;
				GCC_C_LANGUAGE_STANDARD = gnu11;
				GCC_DYNAMIC_NO_PIC = NO;
				GCC_NO_COMMON_BLOCKS = YES;
				GCC_OPTIMIZATION_LEVEL = 0;
				GCC_PREPROCESSOR_DEFINITIONS = (
					"DEBUG=1",
					"$(inherited)",
				);
				GCC_WARN_64_TO_32_BIT_CONVERSION = YES;
				GCC_WARN_ABOUT_RETURN_TYPE = YES_ERROR;
				GCC_WARN_UNDECLARED_SELECTOR = YES;
				GCC_WARN_UNINITIALIZED_AUTOS = YES_AGGRESSIVE;
				GCC_WARN_UNUSED_FUNCTION = YES;
				GCC_WARN_UNUSED_VARIABLE = YES;
				IPHONEOS_DEPLOYMENT_TARGET = 12.0;
				MTL_ENABLE_DEBUG_INFO = INCLUDE_SOURCE;
				MTL_FAST_MATH = YES;
				ONLY_ACTIVE_ARCH = YES;
				SDKROOT = iphoneos;
				SWIFT_ACTIVE_COMPILATION_CONDITIONS = DEBUG;
				SWIFT_OPTIMIZATION_LEVEL = "-Onone";
			};
			name = Debug;
		};
		320CEE6F22B7D9D9005342F8 /* Release */ = {
			isa = XCBuildConfiguration;
			buildSettings = {
				ALWAYS_SEARCH_USER_PATHS = NO;
				CLANG_ANALYZER_NONNULL = YES;
				CLANG_ANALYZER_NUMBER_OBJECT_CONVERSION = YES_AGGRESSIVE;
				CLANG_CXX_LANGUAGE_STANDARD = "gnu++14";
				CLANG_CXX_LIBRARY = "libc++";
				CLANG_ENABLE_MODULES = YES;
				CLANG_ENABLE_OBJC_ARC = YES;
				CLANG_ENABLE_OBJC_WEAK = YES;
				CLANG_WARN_BLOCK_CAPTURE_AUTORELEASING = YES;
				CLANG_WARN_BOOL_CONVERSION = YES;
				CLANG_WARN_COMMA = YES;
				CLANG_WARN_CONSTANT_CONVERSION = YES;
				CLANG_WARN_DEPRECATED_OBJC_IMPLEMENTATIONS = YES;
				CLANG_WARN_DIRECT_OBJC_ISA_USAGE = YES_ERROR;
				CLANG_WARN_DOCUMENTATION_COMMENTS = YES;
				CLANG_WARN_EMPTY_BODY = YES;
				CLANG_WARN_ENUM_CONVERSION = YES;
				CLANG_WARN_INFINITE_RECURSION = YES;
				CLANG_WARN_INT_CONVERSION = YES;
				CLANG_WARN_NON_LITERAL_NULL_CONVERSION = YES;
				CLANG_WARN_OBJC_IMPLICIT_RETAIN_SELF = YES;
				CLANG_WARN_OBJC_LITERAL_CONVERSION = YES;
				CLANG_WARN_OBJC_ROOT_CLASS = YES_ERROR;
				CLANG_WARN_RANGE_LOOP_ANALYSIS = YES;
				CLANG_WARN_STRICT_PROTOTYPES = YES;
				CLANG_WARN_SUSPICIOUS_MOVE = YES;
				CLANG_WARN_UNGUARDED_AVAILABILITY = YES_AGGRESSIVE;
				CLANG_WARN_UNREACHABLE_CODE = YES;
				CLANG_WARN__DUPLICATE_METHOD_MATCH = YES;
				CODE_SIGN_IDENTITY = "iPhone Developer";
				COPY_PHASE_STRIP = NO;
				DEBUG_INFORMATION_FORMAT = "dwarf-with-dsym";
				ENABLE_NS_ASSERTIONS = NO;
				ENABLE_STRICT_OBJC_MSGSEND = YES;
				GCC_C_LANGUAGE_STANDARD = gnu11;
				GCC_NO_COMMON_BLOCKS = YES;
				GCC_WARN_64_TO_32_BIT_CONVERSION = YES;
				GCC_WARN_ABOUT_RETURN_TYPE = YES_ERROR;
				GCC_WARN_UNDECLARED_SELECTOR = YES;
				GCC_WARN_UNINITIALIZED_AUTOS = YES_AGGRESSIVE;
				GCC_WARN_UNUSED_FUNCTION = YES;
				GCC_WARN_UNUSED_VARIABLE = YES;
				IPHONEOS_DEPLOYMENT_TARGET = 12.0;
				MTL_ENABLE_DEBUG_INFO = NO;
				MTL_FAST_MATH = YES;
				SDKROOT = iphoneos;
				SWIFT_COMPILATION_MODE = wholemodule;
				SWIFT_OPTIMIZATION_LEVEL = "-O";
				VALIDATE_PRODUCT = YES;
			};
			name = Release;
		};
		320CEE7122B7D9D9005342F8 /* Debug */ = {
			isa = XCBuildConfiguration;
			baseConfigurationReference = 1A276198C95ED364E11DE6D0 /* Pods-Property-job-test.debug.xcconfig */;
			buildSettings = {
				ASSETCATALOG_COMPILER_APPICON_NAME = AppIcon;
				CODE_SIGN_STYLE = Automatic;
				INFOPLIST_FILE = "Property-job-test/Info.plist";
				LD_RUNPATH_SEARCH_PATHS = (
					"$(inherited)",
					"@executable_path/Frameworks",
				);
				PRODUCT_BUNDLE_IDENTIFIER = "com.manshahia.Property-job-test";
				PRODUCT_NAME = "$(TARGET_NAME)";
				SWIFT_VERSION = 4.2;
				TARGETED_DEVICE_FAMILY = "1,2";
			};
			name = Debug;
		};
		320CEE7222B7D9D9005342F8 /* Release */ = {
			isa = XCBuildConfiguration;
			baseConfigurationReference = BEB85CECEF5037261E1C6D07 /* Pods-Property-job-test.release.xcconfig */;
			buildSettings = {
				ASSETCATALOG_COMPILER_APPICON_NAME = AppIcon;
				CODE_SIGN_STYLE = Automatic;
				INFOPLIST_FILE = "Property-job-test/Info.plist";
				LD_RUNPATH_SEARCH_PATHS = (
					"$(inherited)",
					"@executable_path/Frameworks",
				);
				PRODUCT_BUNDLE_IDENTIFIER = "com.manshahia.Property-job-test";
				PRODUCT_NAME = "$(TARGET_NAME)";
				SWIFT_VERSION = 4.2;
				TARGETED_DEVICE_FAMILY = "1,2";
			};
			name = Release;
		};
/* End XCBuildConfiguration section */

/* Begin XCConfigurationList section */
		320CEE5722B7D9D4005342F8 /* Build configuration list for PBXProject "Property-job-test" */ = {
			isa = XCConfigurationList;
			buildConfigurations = (
				320CEE6E22B7D9D9005342F8 /* Debug */,
				320CEE6F22B7D9D9005342F8 /* Release */,
			);
			defaultConfigurationIsVisible = 0;
			defaultConfigurationName = Release;
		};
		320CEE7022B7D9D9005342F8 /* Build configuration list for PBXNativeTarget "Property-job-test" */ = {
			isa = XCConfigurationList;
			buildConfigurations = (
				320CEE7122B7D9D9005342F8 /* Debug */,
				320CEE7222B7D9D9005342F8 /* Release */,
			);
			defaultConfigurationIsVisible = 0;
			defaultConfigurationName = Release;
		};
/* End XCConfigurationList section */
	};
	rootObject = 320CEE5422B7D9D4005342F8 /* Project object */;
}
